
Microsoft Visual Studio Solution File, Format Version 12.00
# Visual Studio Version 16
VisualStudioVersion = 16.0.31613.86
MinimumVisualStudioVersion = 10.0.40219.1
Project("{FAE04EC0-301F-11D3-BF4B-00C04F79EFBC}") = "AppointmentScheduling", "AppointmentScheduling\AppointmentScheduling.csproj", "{22CF86F9-271D-4A3E-A01D-C3475EBE8D9C}"
EndProject
Global
	GlobalSection(SolutionConfigurationPlatforms) = preSolution
		Debug|Any CPU = Debug|Any CPU
		Release|Any CPU = Release|Any CPU
	EndGlobalSection
	GlobalSection(ProjectConfigurationPlatforms) = postSolution
		{22CF86F9-271D-4A3E-A01D-C3475EBE8D9C}.Debug|Any CPU.ActiveCfg = Debug|Any CPU
		{22CF86F9-271D-4A3E-A01D-C3475EBE8D9C}.Debug|Any CPU.Build.0 = Debug|Any CPU
		{22CF86F9-271D-4A3E-A01D-C3475EBE8D9C}.Release|Any CPU.ActiveCfg = Release|Any CPU
		{22CF86F9-271D-4A3E-A01D-C3475EBE8D9C}.Release|Any CPU.Build.0 = Release|Any CPU
	EndGlobalSection
	GlobalSection(SolutionProperties) = preSolution
		HideSolutionNode = FALSE
	EndGlobalSection
	GlobalSection(ExtensibilityGlobals) = postSolution
		SolutionGuid = {8A4315D3-8AA5-4EEC-98DF-64F79EBCB013}
	EndGlobalSection
EndGlobal
